
Microsoft Visual Studio Solution File, Format Version 12.00
# Visual Studio Version 17
VisualStudioVersion = 17.4.33213.308
MinimumVisualStudioVersion = 10.0.40219.1
Project("{FAE04EC0-301F-11D3-BF4B-00C04F79EFBC}") = "interfacesSamples", "interfacesSamples\interfacesSamples.csproj", "{FB653137-B414-4958-A31C-BB5BCEC245FB}"
EndProject
Global
	GlobalSection(SolutionConfigurationPlatforms) = preSolution
		Debug|Any CPU = Debug|Any CPU
		Release|Any CPU = Release|Any CPU
	EndGlobalSection
	GlobalSection(ProjectConfigurationPlatforms) = postSolution
		{FB653137-B414-4958-A31C-BB5BCEC245FB}.Debug|Any CPU.ActiveCfg = Debug|Any CPU
		{FB653137-B414-4958-A31C-BB5BCEC245FB}.Debug|Any CPU.Build.0 = Debug|Any CPU
		{FB653137-B414-4958-A31C-BB5BCEC245FB}.Release|Any CPU.ActiveCfg = Release|Any CPU
		{FB653137-B414-4958-A31C-BB5BCEC245FB}.Release|Any CPU.Build.0 = Release|Any CPU
	EndGlobalSection
	GlobalSection(SolutionProperties) = preSolution
		HideSolutionNode = FALSE
	EndGlobalSection
	GlobalSection(ExtensibilityGlobals) = postSolution
		SolutionGuid = {66540119-F37B-4976-A150-6ED06B4E84E1}
	EndGlobalSection
EndGlobal
